
Microsoft Visual Studio Solution File, Format Version 12.00
# Visual Studio Version 17
VisualStudioVersion = 17.7.34018.315
MinimumVisualStudioVersion = 10.0.40219.1
Project("{FAE04EC0-301F-11D3-BF4B-00C04F79EFBC}") = "MethodClassAssignSubmission", "MethodClassAssignSubmission\MethodClassAssignSubmission.csproj", "{3683D607-3B24-4927-A24D-6B54DE8E2EDB}"
EndProject
Global
	GlobalSection(SolutionConfigurationPlatforms) = preSolution
		Debug|Any CPU = Debug|Any CPU
		Release|Any CPU = Release|Any CPU
	EndGlobalSection
	GlobalSection(ProjectConfigurationPlatforms) = postSolution
		{3683D607-3B24-4927-A24D-6B54DE8E2EDB}.Debug|Any CPU.ActiveCfg = Debug|Any CPU
		{3683D607-3B24-4927-A24D-6B54DE8E2EDB}.Debug|Any CPU.Build.0 = Debug|Any CPU
		{3683D607-3B24-4927-A24D-6B54DE8E2EDB}.Release|Any CPU.ActiveCfg = Release|Any CPU
		{3683D607-3B24-4927-A24D-6B54DE8E2EDB}.Release|Any CPU.Build.0 = Release|Any CPU
	EndGlobalSection
	GlobalSection(SolutionProperties) = preSolution
		HideSolutionNode = FALSE
	EndGlobalSection
	GlobalSection(ExtensibilityGlobals) = postSolution
		SolutionGuid = {203488BD-2D3B-45C1-BCE0-B2C7D3E6019C}
	EndGlobalSection
EndGlobal
