
Microsoft Visual Studio Solution File, Format Version 12.00
# Visual Studio Version 17
VisualStudioVersion = 17.7.34024.191
MinimumVisualStudioVersion = 10.0.40219.1
Project("{FAE04EC0-301F-11D3-BF4B-00C04F79EFBC}") = "VoidFunction", "VoidFunction\VoidFunction.csproj", "{68574F48-34C1-4FFB-8026-8AF70766F905}"
EndProject
Global
	GlobalSection(SolutionConfigurationPlatforms) = preSolution
		Debug|Any CPU = Debug|Any CPU
		Release|Any CPU = Release|Any CPU
	EndGlobalSection
	GlobalSection(ProjectConfigurationPlatforms) = postSolution
		{68574F48-34C1-4FFB-8026-8AF70766F905}.Debug|Any CPU.ActiveCfg = Debug|Any CPU
		{68574F48-34C1-4FFB-8026-8AF70766F905}.Debug|Any CPU.Build.0 = Debug|Any CPU
		{68574F48-34C1-4FFB-8026-8AF70766F905}.Release|Any CPU.ActiveCfg = Release|Any CPU
		{68574F48-34C1-4FFB-8026-8AF70766F905}.Release|Any CPU.Build.0 = Release|Any CPU
	EndGlobalSection
	GlobalSection(SolutionProperties) = preSolution
		HideSolutionNode = FALSE
	EndGlobalSection
	GlobalSection(ExtensibilityGlobals) = postSolution
		SolutionGuid = {12AC472F-1867-44EA-B586-C8CE21AD225C}
	EndGlobalSection
EndGlobal
