
Microsoft Visual Studio Solution File, Format Version 12.00
# Visual Studio Version 17
VisualStudioVersion = 17.7.34221.43
MinimumVisualStudioVersion = 10.0.40219.1
Project("{FAE04EC0-301F-11D3-BF4B-00C04F79EFBC}") = "TryCatchAssignment", "TryCatchAssignment\TryCatchAssignment.csproj", "{89EC06CF-AA51-4E26-83E9-86FB55DB663C}"
EndProject
Global
	GlobalSection(SolutionConfigurationPlatforms) = preSolution
		Debug|Any CPU = Debug|Any CPU
		Release|Any CPU = Release|Any CPU
	EndGlobalSection
	GlobalSection(ProjectConfigurationPlatforms) = postSolution
		{89EC06CF-AA51-4E26-83E9-86FB55DB663C}.Debug|Any CPU.ActiveCfg = Debug|Any CPU
		{89EC06CF-AA51-4E26-83E9-86FB55DB663C}.Debug|Any CPU.Build.0 = Debug|Any CPU
		{89EC06CF-AA51-4E26-83E9-86FB55DB663C}.Release|Any CPU.ActiveCfg = Release|Any CPU
		{89EC06CF-AA51-4E26-83E9-86FB55DB663C}.Release|Any CPU.Build.0 = Release|Any CPU
	EndGlobalSection
	GlobalSection(SolutionProperties) = preSolution
		HideSolutionNode = FALSE
	EndGlobalSection
	GlobalSection(ExtensibilityGlobals) = postSolution
		SolutionGuid = {4F309913-6A89-44A0-B85F-CBF2C637F6B5}
	EndGlobalSection
EndGlobal
