
Microsoft Visual Studio Solution File, Format Version 12.00
# Visual Studio Version 17
VisualStudioVersion = 17.7.34031.279
MinimumVisualStudioVersion = 10.0.40219.1
Project("{FAE04EC0-301F-11D3-BF4B-00C04F79EFBC}") = "ParsingEnumsAssignment", "ParsingEnumsAssignment\ParsingEnumsAssignment.csproj", "{291EE827-A0C8-4974-AAA4-8FC431B1AFDA}"
EndProject
Global
	GlobalSection(SolutionConfigurationPlatforms) = preSolution
		Debug|Any CPU = Debug|Any CPU
		Release|Any CPU = Release|Any CPU
	EndGlobalSection
	GlobalSection(ProjectConfigurationPlatforms) = postSolution
		{291EE827-A0C8-4974-AAA4-8FC431B1AFDA}.Debug|Any CPU.ActiveCfg = Debug|Any CPU
		{291EE827-A0C8-4974-AAA4-8FC431B1AFDA}.Debug|Any CPU.Build.0 = Debug|Any CPU
		{291EE827-A0C8-4974-AAA4-8FC431B1AFDA}.Release|Any CPU.ActiveCfg = Release|Any CPU
		{291EE827-A0C8-4974-AAA4-8FC431B1AFDA}.Release|Any CPU.Build.0 = Release|Any CPU
	EndGlobalSection
	GlobalSection(SolutionProperties) = preSolution
		HideSolutionNode = FALSE
	EndGlobalSection
	GlobalSection(ExtensibilityGlobals) = postSolution
		SolutionGuid = {31B48F18-7C7C-4A78-9CCC-B25C045349DC}
	EndGlobalSection
EndGlobal
